// !$*UTF8*$!
{
	archiveVersion = 1;
	classes = {
	};
	objectVersion = 56;
	objects = {

/* Begin PBXBuildFile section */
		F925D8632B96D51400C146AC /* ThoughtTroveApp.swift in Sources */ = {isa = PBXBuildFile; fileRef = F925D8622B96D51400C146AC /* ThoughtTroveApp.swift */; };
		F925D8652B96D51400C146AC /* ContentView.swift in Sources */ = {isa = PBXBuildFile; fileRef = F925D8642B96D51400C146AC /* ContentView.swift */; };
		F925D8672B96D51500C146AC /* Assets.xcassets in Resources */ = {isa = PBXBuildFile; fileRef = F925D8662B96D51500C146AC /* Assets.xcassets */; };
		F925D86A2B96D51500C146AC /* Preview Assets.xcassets in Resources */ = {isa = PBXBuildFile; fileRef = F925D8692B96D51500C146AC /* Preview Assets.xcassets */; };
		F925D8742B96DB2900C146AC /* Quote.swift in Sources */ = {isa = PBXBuildFile; fileRef = F925D8732B96DB2900C146AC /* Quote.swift */; };
		F925D8762B96DBA100C146AC /* QuotesViewModel.swift in Sources */ = {isa = PBXBuildFile; fileRef = F925D8752B96DBA100C146AC /* QuotesViewModel.swift */; };
		F925D8782B96DBE000C146AC /* QuoteService.swift in Sources */ = {isa = PBXBuildFile; fileRef = F925D8772B96DBE000C146AC /* QuoteService.swift */; };
		F942D41A2B9728A0005FF376 /* QuotesListView.swift in Sources */ = {isa = PBXBuildFile; fileRef = F942D4192B9728A0005FF376 /* QuotesListView.swift */; };
		F98BB1ED2B99BD5D00A105BF /* CategoriesData.swift in Sources */ = {isa = PBXBuildFile; fileRef = F98BB1EC2B99BD5D00A105BF /* CategoriesData.swift */; };
		F98BB1F52B9B0DA200A105BF /* BackgroundColorView.swift in Sources */ = {isa = PBXBuildFile; fileRef = F98BB1F42B9B0DA200A105BF /* BackgroundColorView.swift */; };
/* End PBXBuildFile section */

/* Begin PBXFileReference section */
		F925D85F2B96D51400C146AC /* ThoughtTrove.app */ = {isa = PBXFileReference; explicitFileType = wrapper.application; includeInIndex = 0; path = ThoughtTrove.app; sourceTree = BUILT_PRODUCTS_DIR; };
		F925D8622B96D51400C146AC /* ThoughtTroveApp.swift */ = {isa = PBXFileReference; lastKnownFileType = sourcecode.swift; path = ThoughtTroveApp.swift; sourceTree = "<group>"; };
		F925D8642B96D51400C146AC /* ContentView.swift */ = {isa = PBXFileReference; lastKnownFileType = sourcecode.swift; path = ContentView.swift; sourceTree = "<group>"; };
		F925D8662B96D51500C146AC /* Assets.xcassets */ = {isa = PBXFileReference; lastKnownFileType = folder.assetcatalog; path = Assets.xcassets; sourceTree = "<group>"; };
		F925D8692B96D51500C146AC /* Preview Assets.xcassets */ = {isa = PBXFileReference; lastKnownFileType = folder.assetcatalog; path = "Preview Assets.xcassets"; sourceTree = "<group>"; };
		F925D8732B96DB2900C146AC /* Quote.swift */ = {isa = PBXFileReference; lastKnownFileType = sourcecode.swift; path = Quote.swift; sourceTree = "<group>"; };
		F925D8752B96DBA100C146AC /* QuotesViewModel.swift */ = {isa = PBXFileReference; lastKnownFileType = sourcecode.swift; path = QuotesViewModel.swift; sourceTree = "<group>"; };
		F925D8772B96DBE000C146AC /* QuoteService.swift */ = {isa = PBXFileReference; lastKnownFileType = sourcecode.swift; path = QuoteService.swift; sourceTree = "<group>"; };
		F942D4192B9728A0005FF376 /* QuotesListView.swift */ = {isa = PBXFileReference; lastKnownFileType = sourcecode.swift; path = QuotesListView.swift; sourceTree = "<group>"; };
		F98BB1EC2B99BD5D00A105BF /* CategoriesData.swift */ = {isa = PBXFileReference; lastKnownFileType = sourcecode.swift; path = CategoriesData.swift; sourceTree = "<group>"; };
		F98BB1F42B9B0DA200A105BF /* BackgroundColorView.swift */ = {isa = PBXFileReference; lastKnownFileType = sourcecode.swift; path = BackgroundColorView.swift; sourceTree = "<group>"; };
/* End PBXFileReference section */

/* Begin PBXFrameworksBuildPhase section */
		F925D85C2B96D51400C146AC /* Frameworks */ = {
			isa = PBXFrameworksBuildPhase;
			buildActionMask = 2147483647;
			files = (
			);
			runOnlyForDeploymentPostprocessing = 0;
		};
/* End PBXFrameworksBuildPhase section */

/* Begin PBXGroup section */
		F925D8562B96D51400C146AC = {
			isa = PBXGroup;
			children = (
				F925D8612B96D51400C146AC /* ThoughtTrove */,
				F925D8602B96D51400C146AC /* Products */,
			);
			sourceTree = "<group>";
		};
		F925D8602B96D51400C146AC /* Products */ = {
			isa = PBXGroup;
			children = (
				F925D85F2B96D51400C146AC /* ThoughtTrove.app */,
			);
			name = Products;
			sourceTree = "<group>";
		};
		F925D8612B96D51400C146AC /* ThoughtTrove */ = {
			isa = PBXGroup;
			children = (
				F925D8722B96DAD100C146AC /* Model */,
				F925D8712B96DAC800C146AC /* View */,
				F925D8702B96DAB700C146AC /* ViewModel */,
				F925D8622B96D51400C146AC /* ThoughtTroveApp.swift */,
				F98BB1F42B9B0DA200A105BF /* BackgroundColorView.swift */,
				F925D8662B96D51500C146AC /* Assets.xcassets */,
				F925D8682B96D51500C146AC /* Preview Content */,
			);
			path = ThoughtTrove;
			sourceTree = "<group>";
		};
		F925D8682B96D51500C146AC /* Preview Content */ = {
			isa = PBXGroup;
			children = (
				F925D8692B96D51500C146AC /* Preview Assets.xcassets */,
			);
			path = "Preview Content";
			sourceTree = "<group>";
		};
		F925D8702B96DAB700C146AC /* ViewModel */ = {
			isa = PBXGroup;
			children = (
				F925D8752B96DBA100C146AC /* QuotesViewModel.swift */,
				F925D8772B96DBE000C146AC /* QuoteService.swift */,
			);
			path = ViewModel;
			sourceTree = "<group>";
		};
		F925D8712B96DAC800C146AC /* View */ = {
			isa = PBXGroup;
			children = (
				F925D8642B96D51400C146AC /* ContentView.swift */,
				F942D4192B9728A0005FF376 /* QuotesListView.swift */,
			);
			path = View;
			sourceTree = "<group>";
		};
		F925D8722B96DAD100C146AC /* Model */ = {
			isa = PBXGroup;
			children = (
				F925D8732B96DB2900C146AC /* Quote.swift */,
				F98BB1EC2B99BD5D00A105BF /* CategoriesData.swift */,
			);
			path = Model;
			sourceTree = "<group>";
		};
/* End PBXGroup section */

/* Begin PBXNativeTarget section */
		F925D85E2B96D51400C146AC /* ThoughtTrove */ = {
			isa = PBXNativeTarget;
			buildConfigurationList = F925D86D2B96D51500C146AC /* Build configuration list for PBXNativeTarget "ThoughtTrove" */;
			buildPhases = (
				F925D85B2B96D51400C146AC /* Sources */,
				F925D85C2B96D51400C146AC /* Frameworks */,
				F925D85D2B96D51400C146AC /* Resources */,
			);
			buildRules = (
			);
			dependencies = (
			);
			name = ThoughtTrove;
			productName = ThoughtTrove;
			productReference = F925D85F2B96D51400C146AC /* ThoughtTrove.app */;
			productType = "com.apple.product-type.application";
		};
/* End PBXNativeTarget section */

/* Begin PBXProject section */
		F925D8572B96D51400C146AC /* Project object */ = {
			isa = PBXProject;
			attributes = {
				BuildIndependentTargetsInParallel = 1;
				LastSwiftUpdateCheck = 1410;
				LastUpgradeCheck = 1410;
				TargetAttributes = {
					F925D85E2B96D51400C146AC = {
						CreatedOnToolsVersion = 14.1;
					};
				};
			};
			buildConfigurationList = F925D85A2B96D51400C146AC /* Build configuration list for PBXProject "ThoughtTrove" */;
			compatibilityVersion = "Xcode 14.0";
			developmentRegion = en;
			hasScannedForEncodings = 0;
			knownRegions = (
				en,
				Base,
			);
			mainGroup = F925D8562B96D51400C146AC;
			productRefGroup = F925D8602B96D51400C146AC /* Products */;
			projectDirPath = "";
			projectRoot = "";
			targets = (
				F925D85E2B96D51400C146AC /* ThoughtTrove */,
			);
		};
/* End PBXProject section */

/* Begin PBXResourcesBuildPhase section */
		F925D85D2B96D51400C146AC /* Resources */ = {
			isa = PBXResourcesBuildPhase;
			buildActionMask = 2147483647;
			files = (
				F925D86A2B96D51500C146AC /* Preview Assets.xcassets in Resources */,
				F925D8672B96D51500C146AC /* Assets.xcassets in Resources */,
			);
			runOnlyForDeploymentPostprocessing = 0;
		};
/* End PBXResourcesBuildPhase section */

/* Begin PBXSourcesBuildPhase section */
		F925D85B2B96D51400C146AC /* Sources */ = {
			isa = PBXSourcesBuildPhase;
			buildActionMask = 2147483647;
			files = (
				F942D41A2B9728A0005FF376 /* QuotesListView.swift in Sources */,
				F925D8652B96D51400C146AC /* ContentView.swift in Sources */,
				F925D8762B96DBA100C146AC /* QuotesViewModel.swift in Sources */,
				F925D8782B96DBE000C146AC /* QuoteService.swift in Sources */,
				F925D8742B96DB2900C146AC /* Quote.swift in Sources */,
				F925D8632B96D51400C146AC /* ThoughtTroveApp.swift in Sources */,
				F98BB1F52B9B0DA200A105BF /* BackgroundColorView.swift in Sources */,
				F98BB1ED2B99BD5D00A105BF /* CategoriesData.swift in Sources */,
			);
			runOnlyForDeploymentPostprocessing = 0;
		};
/* End PBXSourcesBuildPhase section */

/* Begin XCBuildConfiguration section */
		F925D86B2B96D51500C146AC /* Debug */ = {
			isa = XCBuildConfiguration;
			buildSettings = {
				ALWAYS_SEARCH_USER_PATHS = NO;
				CLANG_ANALYZER_NONNULL = YES;
				CLANG_ANALYZER_NUMBER_OBJECT_CONVERSION = YES_AGGRESSIVE;
				CLANG_CXX_LANGUAGE_STANDARD = "gnu++20";
				CLANG_ENABLE_MODULES = YES;
				CLANG_ENABLE_OBJC_ARC = YES;
				CLANG_ENABLE_OBJC_WEAK = YES;
				CLANG_WARN_BLOCK_CAPTURE_AUTORELEASING = YES;
				CLANG_WARN_BOOL_CONVERSION = YES;
				CLANG_WARN_COMMA = YES;
				CLANG_WARN_CONSTANT_CONVERSION = YES;
				CLANG_WARN_DEPRECATED_OBJC_IMPLEMENTATIONS = YES;
				CLANG_WARN_DIRECT_OBJC_ISA_USAGE = YES_ERROR;
				CLANG_WARN_DOCUMENTATION_COMMENTS = YES;
				CLANG_WARN_EMPTY_BODY = YES;
				CLANG_WARN_ENUM_CONVERSION = YES;
				CLANG_WARN_INFINITE_RECURSION = YES;
				CLANG_WARN_INT_CONVERSION = YES;
				CLANG_WARN_NON_LITERAL_NULL_CONVERSION = YES;
				CLANG_WARN_OBJC_IMPLICIT_RETAIN_SELF = YES;
				CLANG_WARN_OBJC_LITERAL_CONVERSION = YES;
				CLANG_WARN_OBJC_ROOT_CLASS = YES_ERROR;
				CLANG_WARN_QUOTED_INCLUDE_IN_FRAMEWORK_HEADER = YES;
				CLANG_WARN_RANGE_LOOP_ANALYSIS = YES;
				CLANG_WARN_STRICT_PROTOTYPES = YES;
				CLANG_WARN_SUSPICIOUS_MOVE = YES;
				CLANG_WARN_UNGUARDED_AVAILABILITY = YES_AGGRESSIVE;
				CLANG_WARN_UNREACHABLE_CODE = YES;
				CLANG_WARN__DUPLICATE_METHOD_MATCH = YES;
				COPY_PHASE_STRIP = NO;
				DEBUG_INFORMATION_FORMAT = dwarf;
				ENABLE_STRICT_OBJC_MSGSEND = YES;
				ENABLE_TESTABILITY = YES;
				GCC_C_LANGUAGE_STANDARD = gnu11;
				GCC_DYNAMIC_NO_PIC = NO;
				GCC_NO_COMMON_BLOCKS = YES;
				GCC_OPTIMIZATION_LEVEL = 0;
				GCC_PREPROCESSOR_DEFINITIONS = (
					"DEBUG=1",
					"$(inherited)",
				);
				GCC_WARN_64_TO_32_BIT_CONVERSION = YES;
				GCC_WARN_ABOUT_RETURN_TYPE = YES_ERROR;
				GCC_WARN_UNDECLARED_SELECTOR = YES;
				GCC_WARN_UNINITIALIZED_AUTOS = YES_AGGRESSIVE;
				GCC_WARN_UNUSED_FUNCTION = YES;
				GCC_WARN_UNUSED_VARIABLE = YES;
				IPHONEOS_DEPLOYMENT_TARGET = 16.1;
				MTL_ENABLE_DEBUG_INFO = INCLUDE_SOURCE;
				MTL_FAST_MATH = YES;
				ONLY_ACTIVE_ARCH = YES;
				SDKROOT = iphoneos;
				SWIFT_ACTIVE_COMPILATION_CONDITIONS = DEBUG;
				SWIFT_OPTIMIZATION_LEVEL = "-Onone";
			};
			name = Debug;
		};
		F925D86C2B96D51500C146AC /* Release */ = {
			isa = XCBuildConfiguration;
			buildSettings = {
				ALWAYS_SEARCH_USER_PATHS = NO;
				CLANG_ANALYZER_NONNULL = YES;
				CLANG_ANALYZER_NUMBER_OBJECT_CONVERSION = YES_AGGRESSIVE;
				CLANG_CXX_LANGUAGE_STANDARD = "gnu++20";
				CLANG_ENABLE_MODULES = YES;
				CLANG_ENABLE_OBJC_ARC = YES;
				CLANG_ENABLE_OBJC_WEAK = YES;
				CLANG_WARN_BLOCK_CAPTURE_AUTORELEASING = YES;
				CLANG_WARN_BOOL_CONVERSION = YES;
				CLANG_WARN_COMMA = YES;
				CLANG_WARN_CONSTANT_CONVERSION = YES;
				CLANG_WARN_DEPRECATED_OBJC_IMPLEMENTATIONS = YES;
				CLANG_WARN_DIRECT_OBJC_ISA_USAGE = YES_ERROR;
				CLANG_WARN_DOCUMENTATION_COMMENTS = YES;
				CLANG_WARN_EMPTY_BODY = YES;
				CLANG_WARN_ENUM_CONVERSION = YES;
				CLANG_WARN_INFINITE_RECURSION = YES;
				CLANG_WARN_INT_CONVERSION = YES;
				CLANG_WARN_NON_LITERAL_NULL_CONVERSION = YES;
				CLANG_WARN_OBJC_IMPLICIT_RETAIN_SELF = YES;
				CLANG_WARN_OBJC_LITERAL_CONVERSION = YES;
				CLANG_WARN_OBJC_ROOT_CLASS = YES_ERROR;
				CLANG_WARN_QUOTED_INCLUDE_IN_FRAMEWORK_HEADER = YES;
				CLANG_WARN_RANGE_LOOP_ANALYSIS = YES;
				CLANG_WARN_STRICT_PROTOTYPES = YES;
				CLANG_WARN_SUSPICIOUS_MOVE = YES;
				CLANG_WARN_UNGUARDED_AVAILABILITY = YES_AGGRESSIVE;
				CLANG_WARN_UNREACHABLE_CODE = YES;
				CLANG_WARN__DUPLICATE_METHOD_MATCH = YES;
				COPY_PHASE_STRIP = NO;
				DEBUG_INFORMATION_FORMAT = "dwarf-with-dsym";
				ENABLE_NS_ASSERTIONS = NO;
				ENABLE_STRICT_OBJC_MSGSEND = YES;
				GCC_C_LANGUAGE_STANDARD = gnu11;
				GCC_NO_COMMON_BLOCKS = YES;
				GCC_WARN_64_TO_32_BIT_CONVERSION = YES;
				GCC_WARN_ABOUT_RETURN_TYPE = YES_ERROR;
				GCC_WARN_UNDECLARED_SELECTOR = YES;
				GCC_WARN_UNINITIALIZED_AUTOS = YES_AGGRESSIVE;
				GCC_WARN_UNUSED_FUNCTION = YES;
				GCC_WARN_UNUSED_VARIABLE = YES;
				IPHONEOS_DEPLOYMENT_TARGET = 16.1;
				MTL_ENABLE_DEBUG_INFO = NO;
				MTL_FAST_MATH = YES;
				SDKROOT = iphoneos;
				SWIFT_COMPILATION_MODE = wholemodule;
				SWIFT_OPTIMIZATION_LEVEL = "-O";
				VALIDATE_PRODUCT = YES;
			};
			name = Release;
		};
		F925D86E2B96D51500C146AC /* Debug */ = {
			isa = XCBuildConfiguration;
			buildSettings = {
				ASSETCATALOG_COMPILER_APPICON_NAME = AppIcon;
				ASSETCATALOG_COMPILER_GLOBAL_ACCENT_COLOR_NAME = AccentColor;
				CODE_SIGN_STYLE = Automatic;
				CURRENT_PROJECT_VERSION = 1;
				DEVELOPMENT_ASSET_PATHS = "\"ThoughtTrove/Preview Content\"";
				DEVELOPMENT_TEAM = 92XN5X884L;
				ENABLE_PREVIEWS = YES;
				GENERATE_INFOPLIST_FILE = YES;
				INFOPLIST_KEY_UIApplicationSceneManifest_Generation = YES;
				INFOPLIST_KEY_UIApplicationSupportsIndirectInputEvents = YES;
				INFOPLIST_KEY_UILaunchScreen_Generation = YES;
				INFOPLIST_KEY_UISupportedInterfaceOrientations_iPad = "UIInterfaceOrientationPortrait UIInterfaceOrientationPortraitUpsideDown UIInterfaceOrientationLandscapeLeft UIInterfaceOrientationLandscapeRight";
				INFOPLIST_KEY_UISupportedInterfaceOrientations_iPhone = "UIInterfaceOrientationPortrait UIInterfaceOrientationLandscapeLeft UIInterfaceOrientationLandscapeRight";
				LD_RUNPATH_SEARCH_PATHS = (
					"$(inherited)",
					"@executable_path/Frameworks",
				);
				MARKETING_VERSION = 1.0;
				PRODUCT_BUNDLE_IDENTIFIER = "Maxx-Swift.ThoughtTrove";
				PRODUCT_NAME = "$(TARGET_NAME)";
				SWIFT_EMIT_LOC_STRINGS = YES;
				SWIFT_VERSION = 5.0;
				TARGETED_DEVICE_FAMILY = "1,2";
			};
			name = Debug;
		};
		F925D86F2B96D51500C146AC /* Release */ = {
			isa = XCBuildConfiguration;
			buildSettings = {
				ASSETCATALOG_COMPILER_APPICON_NAME = AppIcon;
				ASSETCATALOG_COMPILER_GLOBAL_ACCENT_COLOR_NAME = AccentColor;
				CODE_SIGN_STYLE = Automatic;
				CURRENT_PROJECT_VERSION = 1;
				DEVELOPMENT_ASSET_PATHS = "\"ThoughtTrove/Preview Content\"";
				DEVELOPMENT_TEAM = 92XN5X884L;
				ENABLE_PREVIEWS = YES;
				GENERATE_INFOPLIST_FILE = YES;
				INFOPLIST_KEY_UIApplicationSceneManifest_Generation = YES;
				INFOPLIST_KEY_UIApplicationSupportsIndirectInputEvents = YES;
				INFOPLIST_KEY_UILaunchScreen_Generation = YES;
				INFOPLIST_KEY_UISupportedInterfaceOrientations_iPad = "UIInterfaceOrientationPortrait UIInterfaceOrientationPortraitUpsideDown UIInterfaceOrientationLandscapeLeft UIInterfaceOrientationLandscapeRight";
				INFOPLIST_KEY_UISupportedInterfaceOrientations_iPhone = "UIInterfaceOrientationPortrait UIInterfaceOrientationLandscapeLeft UIInterfaceOrientationLandscapeRight";
				LD_RUNPATH_SEARCH_PATHS = (
					"$(inherited)",
					"@executable_path/Frameworks",
				);
				MARKETING_VERSION = 1.0;
				PRODUCT_BUNDLE_IDENTIFIER = "Maxx-Swift.ThoughtTrove";
				PRODUCT_NAME = "$(TARGET_NAME)";
				SWIFT_EMIT_LOC_STRINGS = YES;
				SWIFT_VERSION = 5.0;
				TARGETED_DEVICE_FAMILY = "1,2";
			};
			name = Release;
		};
/* End XCBuildConfiguration section */

/* Begin XCConfigurationList section */
		F925D85A2B96D51400C146AC /* Build configuration list for PBXProject "ThoughtTrove" */ = {
			isa = XCConfigurationList;
			buildConfigurations = (
				F925D86B2B96D51500C146AC /* Debug */,
				F925D86C2B96D51500C146AC /* Release */,
			);
			defaultConfigurationIsVisible = 0;
			defaultConfigurationName = Release;
		};
		F925D86D2B96D51500C146AC /* Build configuration list for PBXNativeTarget "ThoughtTrove" */ = {
			isa = XCConfigurationList;
			buildConfigurations = (
				F925D86E2B96D51500C146AC /* Debug */,
				F925D86F2B96D51500C146AC /* Release */,
			);
			defaultConfigurationIsVisible = 0;
			defaultConfigurationName = Release;
		};
/* End XCConfigurationList section */
	};
	rootObject = F925D8572B96D51400C146AC /* Project object */;
}
